{
  "name": "@com/module-a",
  "version": "1.0.0",
  "lockfileVersion": 3,
  "requires": true,
  "packages": {
    "": {
      "name": "@com/module-a",
      "version": "1.0.0",
      "license": "ISC",
      "dependencies": {
        "@com/module-b": "file:../b/",
        "@com/module-c": "file:../c/"
      }
    },
    "../b": {
      "name": "@com/module-entry",
      "version": "1.0.0",
      "license": "ISC",
      "dependencies": {
        "@com/module-a": "file:../a/com-module-a-1.0.0.tgz"
      }
    },
    "../c": {
      "version": "1.0.0",
      "license": "ISC",
      "dependencies": {
        "@com/module-a": "file:../a1/com-module-a-2.0.0.tgz"
      }
    },
    "node_modules/@com/module-b": {
      "resolved": "../b",
      "link": true
    },
    "node_modules/@com/module-c": {
      "resolved": "../c",
      "link": true
    }
  }
}
