{
  "name": "logic-sql-entity",
  "version": "0.0.1",
  "lockfileVersion": 3,
  "requires": true,
  "packages": {
    "": {
      "name": "logic-sql-entity",
      "version": "0.0.1",
      "license": "MIT",
      "dependencies": {
        "logic-entity": "https://github.com/white-base/core.git"
      }
    },
    "node_modules/logic-entity": {
      "name": "logic-core",
      "version": "1.1.4",
      "resolved": "git+ssh://git@github.com/white-base/core.git#3fa71e57bf4fac65d84bee8e60a49bc0a687bcb7"
    }
  }
}
