{
  "name": "@com/module-entry",
  "version": "1.0.0",
  "lockfileVersion": 3,
  "requires": true,
  "packages": {
    "": {
      "name": "@com/module-entry",
      "version": "1.0.0",
      "license": "ISC",
      "dependencies": {
        "@com/module-a": "file:../a/com-module-a-1.0.0.tgz"
      }
    },
    "node_modules/@com/module-a": {
      "version": "1.0.0",
      "resolved": "file:../a/com-module-a-1.0.0.tgz",
      "integrity": "sha512-MT2o5enCNFwm0xNeppsNVbkcUI0aZNpnrcstDvcX5bsbRy+XzzdVyZDYdCar1l769jqGP9XtWj4758nkXqWwgg=="
    }
  }
}
